
Microsoft Visual Studio Solution File, Format Version 12.00
# Visual Studio Version 16
VisualStudioVersion = 16.0.31019.35
MinimumVisualStudioVersion = 10.0.40219.1
Project("{FAE04EC0-301F-11D3-BF4B-00C04F79EFBC}") = "JSON.RPC.Client", "JSON.RPC.Client\JSON.RPC.Client.csproj", "{4F356B56-EC5C-4866-B02B-2A777FD6A231}"
EndProject
Global
	GlobalSection(SolutionConfigurationPlatforms) = preSolution
		Debug|Any CPU = Debug|Any CPU
		Release|Any CPU = Release|Any CPU
	EndGlobalSection
	GlobalSection(ProjectConfigurationPlatforms) = postSolution
		{4F356B56-EC5C-4866-B02B-2A777FD6A231}.Debug|Any CPU.ActiveCfg = Debug|Any CPU
		{4F356B56-EC5C-4866-B02B-2A777FD6A231}.Debug|Any CPU.Build.0 = Debug|Any CPU
		{4F356B56-EC5C-4866-B02B-2A777FD6A231}.Release|Any CPU.ActiveCfg = Release|Any CPU
		{4F356B56-EC5C-4866-B02B-2A777FD6A231}.Release|Any CPU.Build.0 = Release|Any CPU
	EndGlobalSection
	GlobalSection(SolutionProperties) = preSolution
		HideSolutionNode = FALSE
	EndGlobalSection
	GlobalSection(ExtensibilityGlobals) = postSolution
		SolutionGuid = {0658B50F-E718-404C-A632-2B0A5EB75D0D}
	EndGlobalSection
EndGlobal
