
Microsoft Visual Studio Solution File, Format Version 12.00
# Visual Studio Version 16
VisualStudioVersion = 16.0.31019.35
MinimumVisualStudioVersion = 10.0.40219.1
Project("{FAE04EC0-301F-11D3-BF4B-00C04F79EFBC}") = "JSON.RPC.Server", "JSON.RPC.Server\JSON.RPC.Server.csproj", "{7BB21C7F-55CA-437B-ADAE-E1AD9A9644F1}"
EndProject
Project("{FAE04EC0-301F-11D3-BF4B-00C04F79EFBC}") = "MethodLayer", "MethodLayer\MethodLayer.csproj", "{64C1BF2D-643E-4AD0-AA17-6E88A32FC9A8}"
EndProject
Project("{FAE04EC0-301F-11D3-BF4B-00C04F79EFBC}") = "Models", "Models\Models.csproj", "{AD7C1790-3FE9-4CDD-A6AD-2335D918A09C}"
EndProject
Global
	GlobalSection(SolutionConfigurationPlatforms) = preSolution
		Debug|Any CPU = Debug|Any CPU
		Release|Any CPU = Release|Any CPU
	EndGlobalSection
	GlobalSection(ProjectConfigurationPlatforms) = postSolution
		{7BB21C7F-55CA-437B-ADAE-E1AD9A9644F1}.Debug|Any CPU.ActiveCfg = Debug|Any CPU
		{7BB21C7F-55CA-437B-ADAE-E1AD9A9644F1}.Debug|Any CPU.Build.0 = Debug|Any CPU
		{7BB21C7F-55CA-437B-ADAE-E1AD9A9644F1}.Release|Any CPU.ActiveCfg = Release|Any CPU
		{7BB21C7F-55CA-437B-ADAE-E1AD9A9644F1}.Release|Any CPU.Build.0 = Release|Any CPU
		{64C1BF2D-643E-4AD0-AA17-6E88A32FC9A8}.Debug|Any CPU.ActiveCfg = Debug|Any CPU
		{64C1BF2D-643E-4AD0-AA17-6E88A32FC9A8}.Debug|Any CPU.Build.0 = Debug|Any CPU
		{64C1BF2D-643E-4AD0-AA17-6E88A32FC9A8}.Release|Any CPU.ActiveCfg = Release|Any CPU
		{64C1BF2D-643E-4AD0-AA17-6E88A32FC9A8}.Release|Any CPU.Build.0 = Release|Any CPU
		{AD7C1790-3FE9-4CDD-A6AD-2335D918A09C}.Debug|Any CPU.ActiveCfg = Debug|Any CPU
		{AD7C1790-3FE9-4CDD-A6AD-2335D918A09C}.Debug|Any CPU.Build.0 = Debug|Any CPU
		{AD7C1790-3FE9-4CDD-A6AD-2335D918A09C}.Release|Any CPU.ActiveCfg = Release|Any CPU
		{AD7C1790-3FE9-4CDD-A6AD-2335D918A09C}.Release|Any CPU.Build.0 = Release|Any CPU
	EndGlobalSection
	GlobalSection(SolutionProperties) = preSolution
		HideSolutionNode = FALSE
	EndGlobalSection
	GlobalSection(ExtensibilityGlobals) = postSolution
		SolutionGuid = {F34EAEB6-449F-40F3-94F6-21BBB1BDC23D}
	EndGlobalSection
EndGlobal
